
Microsoft Visual Studio Solution File, Format Version 12.00
# Visual Studio Version 17
VisualStudioVersion = 17.7.34031.279
MinimumVisualStudioVersion = 10.0.40219.1
Project("{FAE04EC0-301F-11D3-BF4B-00C04F79EFBC}") = "Moshtarayat", "Moshtarayat.csproj", "{BB0E8589-B5B9-4EA8-96A1-A31795AC9763}"
EndProject
Global
	GlobalSection(SolutionConfigurationPlatforms) = preSolution
		Debug|Any CPU = Debug|Any CPU
		Release|Any CPU = Release|Any CPU
	EndGlobalSection
	GlobalSection(ProjectConfigurationPlatforms) = postSolution
		{BB0E8589-B5B9-4EA8-96A1-A31795AC9763}.Debug|Any CPU.ActiveCfg = Debug|Any CPU
		{BB0E8589-B5B9-4EA8-96A1-A31795AC9763}.Debug|Any CPU.Build.0 = Debug|Any CPU
		{BB0E8589-B5B9-4EA8-96A1-A31795AC9763}.Release|Any CPU.ActiveCfg = Release|Any CPU
		{BB0E8589-B5B9-4EA8-96A1-A31795AC9763}.Release|Any CPU.Build.0 = Release|Any CPU
	EndGlobalSection
	GlobalSection(SolutionProperties) = preSolution
		HideSolutionNode = FALSE
	EndGlobalSection
	GlobalSection(ExtensibilityGlobals) = postSolution
		SolutionGuid = {2836B44F-15B7-48F6-9D51-E17170B092A3}
	EndGlobalSection
EndGlobal
